// !$*UTF8*$!
{
	archiveVersion = 1;
	classes = {
	};
	objectVersion = 46;
	objects = {

/* Begin PBXBuildFile section */
		96193AAF1E45E67D0073B31A /* AppDelegate.swift in Sources */ = {isa = PBXBuildFile; fileRef = 96193AAE1E45E67D0073B31A /* AppDelegate.swift */; };
		96193AB11E45E67D0073B31A /* ViewController.swift in Sources */ = {isa = PBXBuildFile; fileRef = 96193AB01E45E67D0073B31A /* ViewController.swift */; };
		96193AB41E45E67D0073B31A /* Main.storyboard in Resources */ = {isa = PBXBuildFile; fileRef = 96193AB21E45E67D0073B31A /* Main.storyboard */; };
		96193AB61E45E67D0073B31A /* Assets.xcassets in Resources */ = {isa = PBXBuildFile; fileRef = 96193AB51E45E67D0073B31A /* Assets.xcassets */; };
		96193AB91E45E67D0073B31A /* LaunchScreen.storyboard in Resources */ = {isa = PBXBuildFile; fileRef = 96193AB71E45E67D0073B31A /* LaunchScreen.storyboard */; };
		96193AC41E45E67D0073B31A /* DYTouchDemoTests.swift in Sources */ = {isa = PBXBuildFile; fileRef = 96193AC31E45E67D0073B31A /* DYTouchDemoTests.swift */; };
		96193ACF1E45E67E0073B31A /* DYTouchDemoUITests.swift in Sources */ = {isa = PBXBuildFile; fileRef = 96193ACE1E45E67E0073B31A /* DYTouchDemoUITests.swift */; };
/* End PBXBuildFile section */

/* Begin PBXContainerItemProxy section */
		96193AC01E45E67D0073B31A /* PBXContainerItemProxy */ = {
			isa = PBXContainerItemProxy;
			containerPortal = 96193AA31E45E67D0073B31A /* Project object */;
			proxyType = 1;
			remoteGlobalIDString = 96193AAA1E45E67D0073B31A;
			remoteInfo = DYTouchDemo;
		};
		96193ACB1E45E67D0073B31A /* PBXContainerItemProxy */ = {
			isa = PBXContainerItemProxy;
			containerPortal = 96193AA31E45E67D0073B31A /* Project object */;
			proxyType = 1;
			remoteGlobalIDString = 96193AAA1E45E67D0073B31A;
			remoteInfo = DYTouchDemo;
		};
/* End PBXContainerItemProxy section */

/* Begin PBXFileReference section */
		96193AAB1E45E67D0073B31A /* DYTouchDemo.app */ = {isa = PBXFileReference; explicitFileType = wrapper.application; includeInIndex = 0; path = DYTouchDemo.app; sourceTree = BUILT_PRODUCTS_DIR; };
		96193AAE1E45E67D0073B31A /* AppDelegate.swift */ = {isa = PBXFileReference; lastKnownFileType = sourcecode.swift; path = AppDelegate.swift; sourceTree = "<group>"; };
		96193AB01E45E67D0073B31A /* ViewController.swift */ = {isa = PBXFileReference; lastKnownFileType = sourcecode.swift; path = ViewController.swift; sourceTree = "<group>"; };
		96193AB31E45E67D0073B31A /* Base */ = {isa = PBXFileReference; lastKnownFileType = file.storyboard; name = Base; path = Base.lproj/Main.storyboard; sourceTree = "<group>"; };
		96193AB51E45E67D0073B31A /* Assets.xcassets */ = {isa = PBXFileReference; lastKnownFileType = folder.assetcatalog; path = Assets.xcassets; sourceTree = "<group>"; };
		96193AB81E45E67D0073B31A /* Base */ = {isa = PBXFileReference; lastKnownFileType = file.storyboard; name = Base; path = Base.lproj/LaunchScreen.storyboard; sourceTree = "<group>"; };
		96193ABA1E45E67D0073B31A /* Info.plist */ = {isa = PBXFileReference; lastKnownFileType = text.plist.xml; path = Info.plist; sourceTree = "<group>"; };
		96193ABF1E45E67D0073B31A /* DYTouchDemoTests.xctest */ = {isa = PBXFileReference; explicitFileType = wrapper.cfbundle; includeInIndex = 0; path = DYTouchDemoTests.xctest; sourceTree = BUILT_PRODUCTS_DIR; };
		96193AC31E45E67D0073B31A /* DYTouchDemoTests.swift */ = {isa = PBXFileReference; lastKnownFileType = sourcecode.swift; path = DYTouchDemoTests.swift; sourceTree = "<group>"; };
		96193AC51E45E67D0073B31A /* Info.plist */ = {isa = PBXFileReference; lastKnownFileType = text.plist.xml; path = Info.plist; sourceTree = "<group>"; };
		96193ACA1E45E67D0073B31A /* DYTouchDemoUITests.xctest */ = {isa = PBXFileReference; explicitFileType = wrapper.cfbundle; includeInIndex = 0; path = DYTouchDemoUITests.xctest; sourceTree = BUILT_PRODUCTS_DIR; };
		96193ACE1E45E67E0073B31A /* DYTouchDemoUITests.swift */ = {isa = PBXFileReference; lastKnownFileType = sourcecode.swift; path = DYTouchDemoUITests.swift; sourceTree = "<group>"; };
		96193AD01E45E67E0073B31A /* Info.plist */ = {isa = PBXFileReference; lastKnownFileType = text.plist.xml; path = Info.plist; sourceTree = "<group>"; };
/* End PBXFileReference section */

/* Begin PBXFrameworksBuildPhase section */
		96193AA81E45E67D0073B31A /* Frameworks */ = {
			isa = PBXFrameworksBuildPhase;
			buildActionMask = 2147483647;
			files = (
			);
			runOnlyForDeploymentPostprocessing = 0;
		};
		96193ABC1E45E67D0073B31A /* Frameworks */ = {
			isa = PBXFrameworksBuildPhase;
			buildActionMask = 2147483647;
			files = (
			);
			runOnlyForDeploymentPostprocessing = 0;
		};
		96193AC71E45E67D0073B31A /* Frameworks */ = {
			isa = PBXFrameworksBuildPhase;
			buildActionMask = 2147483647;
			files = (
			);
			runOnlyForDeploymentPostprocessing = 0;
		};
/* End PBXFrameworksBuildPhase section */

/* Begin PBXGroup section */
		96193AA21E45E67D0073B31A = {
			isa = PBXGroup;
			children = (
				96193AAD1E45E67D0073B31A /* DYTouchDemo */,
				96193AC21E45E67D0073B31A /* DYTouchDemoTests */,
				96193ACD1E45E67D0073B31A /* DYTouchDemoUITests */,
				96193AAC1E45E67D0073B31A /* Products */,
			);
			sourceTree = "<group>";
		};
		96193AAC1E45E67D0073B31A /* Products */ = {
			isa = PBXGroup;
			children = (
				96193AAB1E45E67D0073B31A /* DYTouchDemo.app */,
				96193ABF1E45E67D0073B31A /* DYTouchDemoTests.xctest */,
				96193ACA1E45E67D0073B31A /* DYTouchDemoUITests.xctest */,
			);
			name = Products;
			sourceTree = "<group>";
		};
		96193AAD1E45E67D0073B31A /* DYTouchDemo */ = {
			isa = PBXGroup;
			children = (
				96193AAE1E45E67D0073B31A /* AppDelegate.swift */,
				96193AB01E45E67D0073B31A /* ViewController.swift */,
				96193AB21E45E67D0073B31A /* Main.storyboard */,
				96193AB51E45E67D0073B31A /* Assets.xcassets */,
				96193AB71E45E67D0073B31A /* LaunchScreen.storyboard */,
				96193ABA1E45E67D0073B31A /* Info.plist */,
			);
			path = DYTouchDemo;
			sourceTree = "<group>";
		};
		96193AC21E45E67D0073B31A /* DYTouchDemoTests */ = {
			isa = PBXGroup;
			children = (
				96193AC31E45E67D0073B31A /* DYTouchDemoTests.swift */,
				96193AC51E45E67D0073B31A /* Info.plist */,
			);
			path = DYTouchDemoTests;
			sourceTree = "<group>";
		};
		96193ACD1E45E67D0073B31A /* DYTouchDemoUITests */ = {
			isa = PBXGroup;
			children = (
				96193ACE1E45E67E0073B31A /* DYTouchDemoUITests.swift */,
				96193AD01E45E67E0073B31A /* Info.plist */,
			);
			path = DYTouchDemoUITests;
			sourceTree = "<group>";
		};
/* End PBXGroup section */

/* Begin PBXNativeTarget section */
		96193AAA1E45E67D0073B31A /* DYTouchDemo */ = {
			isa = PBXNativeTarget;
			buildConfigurationList = 96193AD31E45E67E0073B31A /* Build configuration list for PBXNativeTarget "DYTouchDemo" */;
			buildPhases = (
				96193AA71E45E67D0073B31A /* Sources */,
				96193AA81E45E67D0073B31A /* Frameworks */,
				96193AA91E45E67D0073B31A /* Resources */,
			);
			buildRules = (
			);
			dependencies = (
			);
			name = DYTouchDemo;
			productName = DYTouchDemo;
			productReference = 96193AAB1E45E67D0073B31A /* DYTouchDemo.app */;
			productType = "com.apple.product-type.application";
		};
		96193ABE1E45E67D0073B31A /* DYTouchDemoTests */ = {
			isa = PBXNativeTarget;
			buildConfigurationList = 96193AD61E45E67E0073B31A /* Build configuration list for PBXNativeTarget "DYTouchDemoTests" */;
			buildPhases = (
				96193ABB1E45E67D0073B31A /* Sources */,
				96193ABC1E45E67D0073B31A /* Frameworks */,
				96193ABD1E45E67D0073B31A /* Resources */,
			);
			buildRules = (
			);
			dependencies = (
				96193AC11E45E67D0073B31A /* PBXTargetDependency */,
			);
			name = DYTouchDemoTests;
			productName = DYTouchDemoTests;
			productReference = 96193ABF1E45E67D0073B31A /* DYTouchDemoTests.xctest */;
			productType = "com.apple.product-type.bundle.unit-test";
		};
		96193AC91E45E67D0073B31A /* DYTouchDemoUITests */ = {
			isa = PBXNativeTarget;
			buildConfigurationList = 96193AD91E45E67E0073B31A /* Build configuration list for PBXNativeTarget "DYTouchDemoUITests" */;
			buildPhases = (
				96193AC61E45E67D0073B31A /* Sources */,
				96193AC71E45E67D0073B31A /* Frameworks */,
				96193AC81E45E67D0073B31A /* Resources */,
			);
			buildRules = (
			);
			dependencies = (
				96193ACC1E45E67D0073B31A /* PBXTargetDependency */,
			);
			name = DYTouchDemoUITests;
			productName = DYTouchDemoUITests;
			productReference = 96193ACA1E45E67D0073B31A /* DYTouchDemoUITests.xctest */;
			productType = "com.apple.product-type.bundle.ui-testing";
		};
/* End PBXNativeTarget section */

/* Begin PBXProject section */
		96193AA31E45E67D0073B31A /* Project object */ = {
			isa = PBXProject;
			attributes = {
				LastSwiftUpdateCheck = 0820;
				LastUpgradeCheck = 0820;
				ORGANIZATIONNAME = DovYoung;
				TargetAttributes = {
					96193AAA1E45E67D0073B31A = {
						CreatedOnToolsVersion = 8.2.1;
						DevelopmentTeam = QB999MQXK9;
						ProvisioningStyle = Automatic;
					};
					96193ABE1E45E67D0073B31A = {
						CreatedOnToolsVersion = 8.2.1;
						ProvisioningStyle = Automatic;
						TestTargetID = 96193AAA1E45E67D0073B31A;
					};
					96193AC91E45E67D0073B31A = {
						CreatedOnToolsVersion = 8.2.1;
						ProvisioningStyle = Automatic;
						TestTargetID = 96193AAA1E45E67D0073B31A;
					};
				};
			};
			buildConfigurationList = 96193AA61E45E67D0073B31A /* Build configuration list for PBXProject "DYTouchDemo" */;
			compatibilityVersion = "Xcode 3.2";
			developmentRegion = English;
			hasScannedForEncodings = 0;
			knownRegions = (
				en,
				Base,
			);
			mainGroup = 96193AA21E45E67D0073B31A;
			productRefGroup = 96193AAC1E45E67D0073B31A /* Products */;
			projectDirPath = "";
			projectRoot = "";
			targets = (
				96193AAA1E45E67D0073B31A /* DYTouchDemo */,
				96193ABE1E45E67D0073B31A /* DYTouchDemoTests */,
				96193AC91E45E67D0073B31A /* DYTouchDemoUITests */,
			);
		};
/* End PBXProject section */

/* Begin PBXResourcesBuildPhase section */
		96193AA91E45E67D0073B31A /* Resources */ = {
			isa = PBXResourcesBuildPhase;
			buildActionMask = 2147483647;
			files = (
				96193AB91E45E67D0073B31A /* LaunchScreen.storyboard in Resources */,
				96193AB61E45E67D0073B31A /* Assets.xcassets in Resources */,
				96193AB41E45E67D0073B31A /* Main.storyboard in Resources */,
			);
			runOnlyForDeploymentPostprocessing = 0;
		};
		96193ABD1E45E67D0073B31A /* Resources */ = {
			isa = PBXResourcesBuildPhase;
			buildActionMask = 2147483647;
			files = (
			);
			runOnlyForDeploymentPostprocessing = 0;
		};
		96193AC81E45E67D0073B31A /* Resources */ = {
			isa = PBXResourcesBuildPhase;
			buildActionMask = 2147483647;
			files = (
			);
			runOnlyForDeploymentPostprocessing = 0;
		};
/* End PBXResourcesBuildPhase section */

/* Begin PBXSourcesBuildPhase section */
		96193AA71E45E67D0073B31A /* Sources */ = {
			isa = PBXSourcesBuildPhase;
			buildActionMask = 2147483647;
			files = (
				96193AB11E45E67D0073B31A /* ViewController.swift in Sources */,
				96193AAF1E45E67D0073B31A /* AppDelegate.swift in Sources */,
			);
			runOnlyForDeploymentPostprocessing = 0;
		};
		96193ABB1E45E67D0073B31A /* Sources */ = {
			isa = PBXSourcesBuildPhase;
			buildActionMask = 2147483647;
			files = (
				96193AC41E45E67D0073B31A /* DYTouchDemoTests.swift in Sources */,
			);
			runOnlyForDeploymentPostprocessing = 0;
		};
		96193AC61E45E67D0073B31A /* Sources */ = {
			isa = PBXSourcesBuildPhase;
			buildActionMask = 2147483647;
			files = (
				96193ACF1E45E67E0073B31A /* DYTouchDemoUITests.swift in Sources */,
			);
			runOnlyForDeploymentPostprocessing = 0;
		};
/* End PBXSourcesBuildPhase section */

/* Begin PBXTargetDependency section */
		96193AC11E45E67D0073B31A /* PBXTargetDependency */ = {
			isa = PBXTargetDependency;
			target = 96193AAA1E45E67D0073B31A /* DYTouchDemo */;
			targetProxy = 96193AC01E45E67D0073B31A /* PBXContainerItemProxy */;
		};
		96193ACC1E45E67D0073B31A /* PBXTargetDependency */ = {
			isa = PBXTargetDependency;
			target = 96193AAA1E45E67D0073B31A /* DYTouchDemo */;
			targetProxy = 96193ACB1E45E67D0073B31A /* PBXContainerItemProxy */;
		};
/* End PBXTargetDependency section */

/* Begin PBXVariantGroup section */
		96193AB21E45E67D0073B31A /* Main.storyboard */ = {
			isa = PBXVariantGroup;
			children = (
				96193AB31E45E67D0073B31A /* Base */,
			);
			name = Main.storyboard;
			sourceTree = "<group>";
		};
		96193AB71E45E67D0073B31A /* LaunchScreen.storyboard */ = {
			isa = PBXVariantGroup;
			children = (
				96193AB81E45E67D0073B31A /* Base */,
			);
			name = LaunchScreen.storyboard;
			sourceTree = "<group>";
		};
/* End PBXVariantGroup section */

/* Begin XCBuildConfiguration section */
		96193AD11E45E67E0073B31A /* Debug */ = {
			isa = XCBuildConfiguration;
			buildSettings = {
				ALWAYS_SEARCH_USER_PATHS = NO;
				CLANG_ANALYZER_NONNULL = YES;
				CLANG_CXX_LANGUAGE_STANDARD = "gnu++0x";
				CLANG_CXX_LIBRARY = "libc++";
				CLANG_ENABLE_MODULES = YES;
				CLANG_ENABLE_OBJC_ARC = YES;
				CLANG_WARN_BOOL_CONVERSION = YES;
				CLANG_WARN_CONSTANT_CONVERSION = YES;
				CLANG_WARN_DIRECT_OBJC_ISA_USAGE = YES_ERROR;
				CLANG_WARN_DOCUMENTATION_COMMENTS = YES;
				CLANG_WARN_EMPTY_BODY = YES;
				CLANG_WARN_ENUM_CONVERSION = YES;
				CLANG_WARN_INFINITE_RECURSION = YES;
				CLANG_WARN_INT_CONVERSION = YES;
				CLANG_WARN_OBJC_ROOT_CLASS = YES_ERROR;
				CLANG_WARN_SUSPICIOUS_MOVE = YES;
				CLANG_WARN_UNREACHABLE_CODE = YES;
				CLANG_WARN__DUPLICATE_METHOD_MATCH = YES;
				"CODE_SIGN_IDENTITY[sdk=iphoneos*]" = "iPhone Developer";
				COPY_PHASE_STRIP = NO;
				DEBUG_INFORMATION_FORMAT = dwarf;
				ENABLE_STRICT_OBJC_MSGSEND = YES;
				ENABLE_TESTABILITY = YES;
				GCC_C_LANGUAGE_STANDARD = gnu99;
				GCC_DYNAMIC_NO_PIC = NO;
				GCC_NO_COMMON_BLOCKS = YES;
				GCC_OPTIMIZATION_LEVEL = 0;
				GCC_PREPROCESSOR_DEFINITIONS = (
					"DEBUG=1",
					"$(inherited)",
				);
				GCC_WARN_64_TO_32_BIT_CONVERSION = YES;
				GCC_WARN_ABOUT_RETURN_TYPE = YES_ERROR;
				GCC_WARN_UNDECLARED_SELECTOR = YES;
				GCC_WARN_UNINITIALIZED_AUTOS = YES_AGGRESSIVE;
				GCC_WARN_UNUSED_FUNCTION = YES;
				GCC_WARN_UNUSED_VARIABLE = YES;
				IPHONEOS_DEPLOYMENT_TARGET = 10.2;
				MTL_ENABLE_DEBUG_INFO = YES;
				ONLY_ACTIVE_ARCH = YES;
				SDKROOT = iphoneos;
				SWIFT_ACTIVE_COMPILATION_CONDITIONS = DEBUG;
				SWIFT_OPTIMIZATION_LEVEL = "-Onone";
				TARGETED_DEVICE_FAMILY = "1,2";
			};
			name = Debug;
		};
		96193AD21E45E67E0073B31A /* Release */ = {
			isa = XCBuildConfiguration;
			buildSettings = {
				ALWAYS_SEARCH_USER_PATHS = NO;
				CLANG_ANALYZER_NONNULL = YES;
				CLANG_CXX_LANGUAGE_STANDARD = "gnu++0x";
				CLANG_CXX_LIBRARY = "libc++";
				CLANG_ENABLE_MODULES = YES;
				CLANG_ENABLE_OBJC_ARC = YES;
				CLANG_WARN_BOOL_CONVERSION = YES;
				CLANG_WARN_CONSTANT_CONVERSION = YES;
				CLANG_WARN_DIRECT_OBJC_ISA_USAGE = YES_ERROR;
				CLANG_WARN_DOCUMENTATION_COMMENTS = YES;
				CLANG_WARN_EMPTY_BODY = YES;
				CLANG_WARN_ENUM_CONVERSION = YES;
				CLANG_WARN_INFINITE_RECURSION = YES;
				CLANG_WARN_INT_CONVERSION = YES;
				CLANG_WARN_OBJC_ROOT_CLASS = YES_ERROR;
				CLANG_WARN_SUSPICIOUS_MOVE = YES;
				CLANG_WARN_UNREACHABLE_CODE = YES;
				CLANG_WARN__DUPLICATE_METHOD_MATCH = YES;
				"CODE_SIGN_IDENTITY[sdk=iphoneos*]" = "iPhone Developer";
				COPY_PHASE_STRIP = NO;
				DEBUG_INFORMATION_FORMAT = "dwarf-with-dsym";
				ENABLE_NS_ASSERTIONS = NO;
				ENABLE_STRICT_OBJC_MSGSEND = YES;
				GCC_C_LANGUAGE_STANDARD = gnu99;
				GCC_NO_COMMON_BLOCKS = YES;
				GCC_WARN_64_TO_32_BIT_CONVERSION = YES;
				GCC_WARN_ABOUT_RETURN_TYPE = YES_ERROR;
				GCC_WARN_UNDECLARED_SELECTOR = YES;
				GCC_WARN_UNINITIALIZED_AUTOS = YES_AGGRESSIVE;
				GCC_WARN_UNUSED_FUNCTION = YES;
				GCC_WARN_UNUSED_VARIABLE = YES;
				IPHONEOS_DEPLOYMENT_TARGET = 10.2;
				MTL_ENABLE_DEBUG_INFO = NO;
				SDKROOT = iphoneos;
				SWIFT_OPTIMIZATION_LEVEL = "-Owholemodule";
				TARGETED_DEVICE_FAMILY = "1,2";
				VALIDATE_PRODUCT = YES;
			};
			name = Release;
		};
		96193AD41E45E67E0073B31A /* Debug */ = {
			isa = XCBuildConfiguration;
			buildSettings = {
				ASSETCATALOG_COMPILER_APPICON_NAME = AppIcon;
				DEVELOPMENT_TEAM = QB999MQXK9;
				INFOPLIST_FILE = DYTouchDemo/Info.plist;
				IPHONEOS_DEPLOYMENT_TARGET = 10.0;
				LD_RUNPATH_SEARCH_PATHS = "$(inherited) @executable_path/Frameworks";
				PRODUCT_BUNDLE_IDENTIFIER = com.kingve.dov.DYTouchDemo;
				PRODUCT_NAME = "$(TARGET_NAME)";
				SWIFT_VERSION = 3.0;
			};
			name = Debug;
		};
		96193AD51E45E67E0073B31A /* Release */ = {
			isa = XCBuildConfiguration;
			buildSettings = {
				ASSETCATALOG_COMPILER_APPICON_NAME = AppIcon;
				DEVELOPMENT_TEAM = QB999MQXK9;
				INFOPLIST_FILE = DYTouchDemo/Info.plist;
				IPHONEOS_DEPLOYMENT_TARGET = 10.0;
				LD_RUNPATH_SEARCH_PATHS = "$(inherited) @executable_path/Frameworks";
				PRODUCT_BUNDLE_IDENTIFIER = com.kingve.dov.DYTouchDemo;
				PRODUCT_NAME = "$(TARGET_NAME)";
				SWIFT_VERSION = 3.0;
			};
			name = Release;
		};
		96193AD71E45E67E0073B31A /* Debug */ = {
			isa = XCBuildConfiguration;
			buildSettings = {
				ALWAYS_EMBED_SWIFT_STANDARD_LIBRARIES = YES;
				BUNDLE_LOADER = "$(TEST_HOST)";
				INFOPLIST_FILE = DYTouchDemoTests/Info.plist;
				LD_RUNPATH_SEARCH_PATHS = "$(inherited) @executable_path/Frameworks @loader_path/Frameworks";
				PRODUCT_BUNDLE_IDENTIFIER = com.kingve.dov.DYTouchDemoTests;
				PRODUCT_NAME = "$(TARGET_NAME)";
				SWIFT_VERSION = 3.0;
				TEST_HOST = "$(BUILT_PRODUCTS_DIR)/DYTouchDemo.app/DYTouchDemo";
			};
			name = Debug;
		};
		96193AD81E45E67E0073B31A /* Release */ = {
			isa = XCBuildConfiguration;
			buildSettings = {
				ALWAYS_EMBED_SWIFT_STANDARD_LIBRARIES = YES;
				BUNDLE_LOADER = "$(TEST_HOST)";
				INFOPLIST_FILE = DYTouchDemoTests/Info.plist;
				LD_RUNPATH_SEARCH_PATHS = "$(inherited) @executable_path/Frameworks @loader_path/Frameworks";
				PRODUCT_BUNDLE_IDENTIFIER = com.kingve.dov.DYTouchDemoTests;
				PRODUCT_NAME = "$(TARGET_NAME)";
				SWIFT_VERSION = 3.0;
				TEST_HOST = "$(BUILT_PRODUCTS_DIR)/DYTouchDemo.app/DYTouchDemo";
			};
			name = Release;
		};
		96193ADA1E45E67E0073B31A /* Debug */ = {
			isa = XCBuildConfiguration;
			buildSettings = {
				ALWAYS_EMBED_SWIFT_STANDARD_LIBRARIES = YES;
				INFOPLIST_FILE = DYTouchDemoUITests/Info.plist;
				LD_RUNPATH_SEARCH_PATHS = "$(inherited) @executable_path/Frameworks @loader_path/Frameworks";
				PRODUCT_BUNDLE_IDENTIFIER = com.kingve.dov.DYTouchDemoUITests;
				PRODUCT_NAME = "$(TARGET_NAME)";
				SWIFT_VERSION = 3.0;
				TEST_TARGET_NAME = DYTouchDemo;
			};
			name = Debug;
		};
		96193ADB1E45E67E0073B31A /* Release */ = {
			isa = XCBuildConfiguration;
			buildSettings = {
				ALWAYS_EMBED_SWIFT_STANDARD_LIBRARIES = YES;
				INFOPLIST_FILE = DYTouchDemoUITests/Info.plist;
				LD_RUNPATH_SEARCH_PATHS = "$(inherited) @executable_path/Frameworks @loader_path/Frameworks";
				PRODUCT_BUNDLE_IDENTIFIER = com.kingve.dov.DYTouchDemoUITests;
				PRODUCT_NAME = "$(TARGET_NAME)";
				SWIFT_VERSION = 3.0;
				TEST_TARGET_NAME = DYTouchDemo;
			};
			name = Release;
		};
/* End XCBuildConfiguration section */

/* Begin XCConfigurationList section */
		96193AA61E45E67D0073B31A /* Build configuration list for PBXProject "DYTouchDemo" */ = {
			isa = XCConfigurationList;
			buildConfigurations = (
				96193AD11E45E67E0073B31A /* Debug */,
				96193AD21E45E67E0073B31A /* Release */,
			);
			defaultConfigurationIsVisible = 0;
			defaultConfigurationName = Release;
		};
		96193AD31E45E67E0073B31A /* Build configuration list for PBXNativeTarget "DYTouchDemo" */ = {
			isa = XCConfigurationList;
			buildConfigurations = (
				96193AD41E45E67E0073B31A /* Debug */,
				96193AD51E45E67E0073B31A /* Release */,
			);
			defaultConfigurationIsVisible = 0;
			defaultConfigurationName = Release;
		};
		96193AD61E45E67E0073B31A /* Build configuration list for PBXNativeTarget "DYTouchDemoTests" */ = {
			isa = XCConfigurationList;
			buildConfigurations = (
				96193AD71E45E67E0073B31A /* Debug */,
				96193AD81E45E67E0073B31A /* Release */,
			);
			defaultConfigurationIsVisible = 0;
			defaultConfigurationName = Release;
		};
		96193AD91E45E67E0073B31A /* Build configuration list for PBXNativeTarget "DYTouchDemoUITests" */ = {
			isa = XCConfigurationList;
			buildConfigurations = (
				96193ADA1E45E67E0073B31A /* Debug */,
				96193ADB1E45E67E0073B31A /* Release */,
			);
			defaultConfigurationIsVisible = 0;
			defaultConfigurationName = Release;
		};
/* End XCConfigurationList section */
	};
	rootObject = 96193AA31E45E67D0073B31A /* Project object */;
}
